
Microsoft Visual Studio Solution File, Format Version 12.00
# Visual Studio 15
VisualStudioVersion = 15.0.28307.421
MinimumVisualStudioVersion = 10.0.40219.1
Project("{FAE04EC0-301F-11D3-BF4B-00C04F79EFBC}") = "TCP_Server", "TCP_Server\TCP_Server.csproj", "{92684F25-218C-42BF-B385-95F8493411C1}"
EndProject
Global
	GlobalSection(SolutionConfigurationPlatforms) = preSolution
		Debug|Any CPU = Debug|Any CPU
		Release|Any CPU = Release|Any CPU
	EndGlobalSection
	GlobalSection(ProjectConfigurationPlatforms) = postSolution
		{92684F25-218C-42BF-B385-95F8493411C1}.Debug|Any CPU.ActiveCfg = Debug|Any CPU
		{92684F25-218C-42BF-B385-95F8493411C1}.Debug|Any CPU.Build.0 = Debug|Any CPU
		{92684F25-218C-42BF-B385-95F8493411C1}.Release|Any CPU.ActiveCfg = Release|Any CPU
		{92684F25-218C-42BF-B385-95F8493411C1}.Release|Any CPU.Build.0 = Release|Any CPU
	EndGlobalSection
	GlobalSection(SolutionProperties) = preSolution
		HideSolutionNode = FALSE
	EndGlobalSection
	GlobalSection(ExtensibilityGlobals) = postSolution
		SolutionGuid = {6E9B49CC-EEA3-454D-815B-7E18DAC5331B}
	EndGlobalSection
EndGlobal
